
Microsoft Visual Studio Solution File, Format Version 12.00
# Visual Studio Version 16
VisualStudioVersion = 25.0.1706.14
MinimumVisualStudioVersion = 10.0.40219.1
Project("{FAE04EC0-301F-11D3-BF4B-00C04F79EFBC}") = "TravelAroundAPI", "TravelAroundAPI\TravelAroundAPI.csproj", "{F28F7A4F-3F36-4026-891C-6C7ADD7AD20A}"
EndProject
Global
	GlobalSection(SolutionConfigurationPlatforms) = preSolution
		Debug|Any CPU = Debug|Any CPU
		Release|Any CPU = Release|Any CPU
	EndGlobalSection
	GlobalSection(ProjectConfigurationPlatforms) = postSolution
		{F28F7A4F-3F36-4026-891C-6C7ADD7AD20A}.Debug|Any CPU.ActiveCfg = Debug|Any CPU
		{F28F7A4F-3F36-4026-891C-6C7ADD7AD20A}.Debug|Any CPU.Build.0 = Debug|Any CPU
		{F28F7A4F-3F36-4026-891C-6C7ADD7AD20A}.Release|Any CPU.ActiveCfg = Release|Any CPU
		{F28F7A4F-3F36-4026-891C-6C7ADD7AD20A}.Release|Any CPU.Build.0 = Release|Any CPU
	EndGlobalSection
	GlobalSection(SolutionProperties) = preSolution
		HideSolutionNode = FALSE
	EndGlobalSection
	GlobalSection(ExtensibilityGlobals) = postSolution
		SolutionGuid = {E492F27E-6A7E-49F1-B2D0-3BE8CB4529E5}
	EndGlobalSection
EndGlobal
